
Microsoft Visual Studio Solution File, Format Version 12.00
# Visual Studio Version 17
VisualStudioVersion = 17.3.32922.545
MinimumVisualStudioVersion = 10.0.40219.1
Project("{FAE04EC0-301F-11D3-BF4B-00C04F79EFBC}") = "Simple-Shu-Asistamt", "Simple-Shu-Asistamt\Simple-Shu-Asistamt.csproj", "{4A003A70-B7B1-4F9E-9E5B-08C1FFA14203}"
EndProject
Global
	GlobalSection(SolutionConfigurationPlatforms) = preSolution
		Debug|Any CPU = Debug|Any CPU
		Release|Any CPU = Release|Any CPU
	EndGlobalSection
	GlobalSection(ProjectConfigurationPlatforms) = postSolution
		{4A003A70-B7B1-4F9E-9E5B-08C1FFA14203}.Debug|Any CPU.ActiveCfg = Debug|Any CPU
		{4A003A70-B7B1-4F9E-9E5B-08C1FFA14203}.Debug|Any CPU.Build.0 = Debug|Any CPU
		{4A003A70-B7B1-4F9E-9E5B-08C1FFA14203}.Release|Any CPU.ActiveCfg = Release|Any CPU
		{4A003A70-B7B1-4F9E-9E5B-08C1FFA14203}.Release|Any CPU.Build.0 = Release|Any CPU
	EndGlobalSection
	GlobalSection(SolutionProperties) = preSolution
		HideSolutionNode = FALSE
	EndGlobalSection
	GlobalSection(ExtensibilityGlobals) = postSolution
		SolutionGuid = {B482B4F8-0B4D-4CEA-BE15-7F866C48551F}
	EndGlobalSection
EndGlobal
